
Microsoft Visual Studio Solution File, Format Version 12.00
# Visual Studio Version 17
VisualStudioVersion = 17.0.31903.59
MinimumVisualStudioVersion = 10.0.40219.1
Project("{FAE04EC0-301F-11D3-BF4B-00C04F79EFBC}") = "Web3MusicStore.API", "Web3MusicStore.API\Web3MusicStore.API.csproj", "{2FA116FA-813B-487D-85A5-EA0109B5C1CC}"
EndProject
Project("{FAE04EC0-301F-11D3-BF4B-00C04F79EFBC}") = "Web3MusicStore.API.UnitTests", "Web3MusicStore.API.UnitTests\Web3MusicStore.API.UnitTests.csproj", "{83C8F9A2-94C2-47C6-8A28-F2B8B43F1843}"
EndProject
Global
	GlobalSection(SolutionConfigurationPlatforms) = preSolution
		Debug|Any CPU = Debug|Any CPU
		Release|Any CPU = Release|Any CPU
	EndGlobalSection
	GlobalSection(SolutionProperties) = preSolution
		HideSolutionNode = FALSE
	EndGlobalSection
	GlobalSection(ProjectConfigurationPlatforms) = postSolution
		{2FA116FA-813B-487D-85A5-EA0109B5C1CC}.Debug|Any CPU.ActiveCfg = Debug|Any CPU
		{2FA116FA-813B-487D-85A5-EA0109B5C1CC}.Debug|Any CPU.Build.0 = Debug|Any CPU
		{2FA116FA-813B-487D-85A5-EA0109B5C1CC}.Release|Any CPU.ActiveCfg = Release|Any CPU
		{2FA116FA-813B-487D-85A5-EA0109B5C1CC}.Release|Any CPU.Build.0 = Release|Any CPU
		{83C8F9A2-94C2-47C6-8A28-F2B8B43F1843}.Debug|Any CPU.ActiveCfg = Debug|Any CPU
		{83C8F9A2-94C2-47C6-8A28-F2B8B43F1843}.Debug|Any CPU.Build.0 = Debug|Any CPU
		{83C8F9A2-94C2-47C6-8A28-F2B8B43F1843}.Release|Any CPU.ActiveCfg = Release|Any CPU
		{83C8F9A2-94C2-47C6-8A28-F2B8B43F1843}.Release|Any CPU.Build.0 = Release|Any CPU
	EndGlobalSection
EndGlobal
